
Microsoft Visual Studio Solution File, Format Version 12.00
# Visual Studio 15
VisualStudioVersion = 15.0.27130.2010
MinimumVisualStudioVersion = 10.0.40219.1
Project("{FAE04EC0-301F-11D3-BF4B-00C04F79EFBC}") = "Zadanie2", "Zadanie2\Zadanie2.csproj", "{746FBD98-816E-4E53-89E3-2C9EAAEA2994}"
EndProject
Project("{FAE04EC0-301F-11D3-BF4B-00C04F79EFBC}") = "ConsoleApp1", "ConsoleApp1\ConsoleApp1.csproj", "{FE72D026-831F-4E96-B061-7130EF511366}"
EndProject
Project("{FAE04EC0-301F-11D3-BF4B-00C04F79EFBC}") = "TestyJednostkowe", "TestyJednostkowe\TestyJednostkowe.csproj", "{02A911C4-6605-4A62-B49D-67C07FA4DD42}"
EndProject
Global
	GlobalSection(SolutionConfigurationPlatforms) = preSolution
		Debug|Any CPU = Debug|Any CPU
		Release|Any CPU = Release|Any CPU
	EndGlobalSection
	GlobalSection(ProjectConfigurationPlatforms) = postSolution
		{746FBD98-816E-4E53-89E3-2C9EAAEA2994}.Debug|Any CPU.ActiveCfg = Debug|Any CPU
		{746FBD98-816E-4E53-89E3-2C9EAAEA2994}.Debug|Any CPU.Build.0 = Debug|Any CPU
		{746FBD98-816E-4E53-89E3-2C9EAAEA2994}.Release|Any CPU.ActiveCfg = Release|Any CPU
		{746FBD98-816E-4E53-89E3-2C9EAAEA2994}.Release|Any CPU.Build.0 = Release|Any CPU
		{FE72D026-831F-4E96-B061-7130EF511366}.Debug|Any CPU.ActiveCfg = Debug|Any CPU
		{FE72D026-831F-4E96-B061-7130EF511366}.Debug|Any CPU.Build.0 = Debug|Any CPU
		{FE72D026-831F-4E96-B061-7130EF511366}.Release|Any CPU.ActiveCfg = Release|Any CPU
		{FE72D026-831F-4E96-B061-7130EF511366}.Release|Any CPU.Build.0 = Release|Any CPU
		{02A911C4-6605-4A62-B49D-67C07FA4DD42}.Debug|Any CPU.ActiveCfg = Debug|Any CPU
		{02A911C4-6605-4A62-B49D-67C07FA4DD42}.Debug|Any CPU.Build.0 = Debug|Any CPU
		{02A911C4-6605-4A62-B49D-67C07FA4DD42}.Release|Any CPU.ActiveCfg = Release|Any CPU
		{02A911C4-6605-4A62-B49D-67C07FA4DD42}.Release|Any CPU.Build.0 = Release|Any CPU
	EndGlobalSection
	GlobalSection(SolutionProperties) = preSolution
		HideSolutionNode = FALSE
	EndGlobalSection
	GlobalSection(ExtensibilityGlobals) = postSolution
		SolutionGuid = {E41A1861-C27E-4583-AF9D-E8127D9AEFBF}
	EndGlobalSection
EndGlobal
